github.com/ouraihub-hugo-themes/hugowind-dist v0.1.3 h1:ojGpdhNuWaOCfzCkdu6dt5Wqd9UD+dbe7LE+Nkc7OH4=
github.com/ouraihub-hugo-themes/hugowind-dist v0.1.3/go.mod h1:q6jwjF3m4O4BhF8I+vI5V5TMPpEOcdg7HNo7ALTHEok=
github.com/ouraihub-hugo-themes/hugowind-dist v0.1.4 h1:LLhrtL9UjgTsVaUSaMCwegof7hS1PSRQNW9y6sIVfTA=
github.com/ouraihub-hugo-themes/hugowind-dist v0.1.4/go.mod h1:q6jwjF3m4O4BhF8I+vI5V5TMPpEOcdg7HNo7ALTHEok=
